<?xml version="1.0" encoding="UTF-8"?>
<CodeBlocks_project_file>
	<FileVersion major="1" minor="6"/>
	<Project>
		<Option title="PathTracer"/>
		<Option makefile_is_custom="1"/>
		<Option compiler="gcc"/>
		<Option virtualFolders="CMake Files\;"/>
		<Build>
			<Target title="all">
				<Option working_dir="/home/himself/CLionProjects/PathTracer/Release"/>
				<Option type="4"/>
				<MakeCommands>
					<Build command="/usr/bin/make -j4 -f &quot;/home/himself/CLionProjects/PathTracer/Release/Makefile&quot;  VERBOSE=1 all"/>
					<CompileFile command="/usr/bin/make -j4 -f &quot;/home/himself/CLionProjects/PathTracer/Release/Makefile&quot;  VERBOSE=1 &quot;$file&quot;"/>
					<Clean command="/usr/bin/make -j4 -f &quot;/home/himself/CLionProjects/PathTracer/Release/Makefile&quot;  VERBOSE=1 clean"/>
					<DistClean command="/usr/bin/make -j4 -f &quot;/home/himself/CLionProjects/PathTracer/Release/Makefile&quot;  VERBOSE=1 clean"/>
				</MakeCommands>
			</Target>
			<Target title="rebuild_cache">
				<Option working_dir="/home/himself/CLionProjects/PathTracer/Release"/>
				<Option type="4"/>
				<MakeCommands>
					<Build command="/usr/bin/make -j4 -f &quot;/home/himself/CLionProjects/PathTracer/Release/Makefile&quot;  VERBOSE=1 rebuild_cache"/>
					<CompileFile command="/usr/bin/make -j4 -f &quot;/home/himself/CLionProjects/PathTracer/Release/Makefile&quot;  VERBOSE=1 &quot;$file&quot;"/>
					<Clean command="/usr/bin/make -j4 -f &quot;/home/himself/CLionProjects/PathTracer/Release/Makefile&quot;  VERBOSE=1 clean"/>
					<DistClean command="/usr/bin/make -j4 -f &quot;/home/himself/CLionProjects/PathTracer/Release/Makefile&quot;  VERBOSE=1 clean"/>
				</MakeCommands>
			</Target>
			<Target title="PathTracer">
				<Option output="/home/himself/CLionProjects/PathTracer/Release/PathTracer" prefix_auto="0" extension_auto="0"/>
				<Option working_dir="/home/himself/CLionProjects/PathTracer/Release"/>
				<Option object_output="./"/>
				<Option type="1"/>
				<Option compiler="gcc"/>
				<Compiler>
					<Add directory="/home/himself/CLionProjects/PathTracer/include"/>
					<Add directory="/usr/include/c++/5"/>
					<Add directory="/usr/include/x86_64-linux-gnu/c++/5"/>
					<Add directory="/usr/include/c++/5/backward"/>
					<Add directory="/usr/lib/gcc/x86_64-linux-gnu/5/include"/>
					<Add directory="/usr/local/include"/>
					<Add directory="/usr/lib/gcc/x86_64-linux-gnu/5/include-fixed"/>
					<Add directory="/usr/include/x86_64-linux-gnu"/>
					<Add directory="/usr/include"/>
				</Compiler>
				<MakeCommands>
					<Build command="/usr/bin/make -j4 -f &quot;/home/himself/CLionProjects/PathTracer/Release/Makefile&quot;  VERBOSE=1 PathTracer"/>
					<CompileFile command="/usr/bin/make -j4 -f &quot;/home/himself/CLionProjects/PathTracer/Release/Makefile&quot;  VERBOSE=1 &quot;$file&quot;"/>
					<Clean command="/usr/bin/make -j4 -f &quot;/home/himself/CLionProjects/PathTracer/Release/Makefile&quot;  VERBOSE=1 clean"/>
					<DistClean command="/usr/bin/make -j4 -f &quot;/home/himself/CLionProjects/PathTracer/Release/Makefile&quot;  VERBOSE=1 clean"/>
				</MakeCommands>
			</Target>
			<Target title="PathTracer/fast">
				<Option output="/home/himself/CLionProjects/PathTracer/Release/PathTracer" prefix_auto="0" extension_auto="0"/>
				<Option working_dir="/home/himself/CLionProjects/PathTracer/Release"/>
				<Option object_output="./"/>
				<Option type="1"/>
				<Option compiler="gcc"/>
				<Compiler>
					<Add directory="/home/himself/CLionProjects/PathTracer/include"/>
					<Add directory="/usr/include/c++/5"/>
					<Add directory="/usr/include/x86_64-linux-gnu/c++/5"/>
					<Add directory="/usr/include/c++/5/backward"/>
					<Add directory="/usr/lib/gcc/x86_64-linux-gnu/5/include"/>
					<Add directory="/usr/local/include"/>
					<Add directory="/usr/lib/gcc/x86_64-linux-gnu/5/include-fixed"/>
					<Add directory="/usr/include/x86_64-linux-gnu"/>
					<Add directory="/usr/include"/>
				</Compiler>
				<MakeCommands>
					<Build command="/usr/bin/make -j4 -f &quot;/home/himself/CLionProjects/PathTracer/Release/Makefile&quot;  VERBOSE=1 PathTracer/fast"/>
					<CompileFile command="/usr/bin/make -j4 -f &quot;/home/himself/CLionProjects/PathTracer/Release/Makefile&quot;  VERBOSE=1 &quot;$file&quot;"/>
					<Clean command="/usr/bin/make -j4 -f &quot;/home/himself/CLionProjects/PathTracer/Release/Makefile&quot;  VERBOSE=1 clean"/>
					<DistClean command="/usr/bin/make -j4 -f &quot;/home/himself/CLionProjects/PathTracer/Release/Makefile&quot;  VERBOSE=1 clean"/>
				</MakeCommands>
			</Target>
			<Target title="edit_cache">
				<Option working_dir="/home/himself/CLionProjects/PathTracer/Release"/>
				<Option type="4"/>
				<MakeCommands>
					<Build command="/usr/bin/make -j4 -f &quot;/home/himself/CLionProjects/PathTracer/Release/Makefile&quot;  VERBOSE=1 edit_cache"/>
					<CompileFile command="/usr/bin/make -j4 -f &quot;/home/himself/CLionProjects/PathTracer/Release/Makefile&quot;  VERBOSE=1 &quot;$file&quot;"/>
					<Clean command="/usr/bin/make -j4 -f &quot;/home/himself/CLionProjects/PathTracer/Release/Makefile&quot;  VERBOSE=1 clean"/>
					<DistClean command="/usr/bin/make -j4 -f &quot;/home/himself/CLionProjects/PathTracer/Release/Makefile&quot;  VERBOSE=1 clean"/>
				</MakeCommands>
			</Target>
		</Build>
		<Unit filename="/home/himself/CLionProjects/PathTracer/include/Color.h">
			<Option target="PathTracer"/>
		</Unit>
		<Unit filename="/home/himself/CLionProjects/PathTracer/include/Image.h">
			<Option target="PathTracer"/>
		</Unit>
		<Unit filename="/home/himself/CLionProjects/PathTracer/include/Light.h">
			<Option target="PathTracer"/>
		</Unit>
		<Unit filename="/home/himself/CLionProjects/PathTracer/include/Options.h">
			<Option target="PathTracer"/>
		</Unit>
		<Unit filename="/home/himself/CLionProjects/PathTracer/include/Scene.h">
			<Option target="PathTracer"/>
		</Unit>
		<Unit filename="/home/himself/CLionProjects/PathTracer/include/camera/Camera.h">
			<Option target="PathTracer"/>
		</Unit>
		<Unit filename="/home/himself/CLionProjects/PathTracer/include/camera/SimpleCamera.h">
			<Option target="PathTracer"/>
		</Unit>
		<Unit filename="/home/himself/CLionProjects/PathTracer/include/debug.h">
			<Option target="PathTracer"/>
		</Unit>
		<Unit filename="/home/himself/CLionProjects/PathTracer/include/geometry/Object.h">
			<Option target="PathTracer"/>
		</Unit>
		<Unit filename="/home/himself/CLionProjects/PathTracer/include/geometry/Ray.h">
			<Option target="PathTracer"/>
		</Unit>
		<Unit filename="/home/himself/CLionProjects/PathTracer/include/geometry/Rectangle.h">
			<Option target="PathTracer"/>
		</Unit>
		<Unit filename="/home/himself/CLionProjects/PathTracer/include/geometry/Sphere.h">
			<Option target="PathTracer"/>
		</Unit>
		<Unit filename="/home/himself/CLionProjects/PathTracer/include/geometry/Triangle.h">
			<Option target="PathTracer"/>
		</Unit>
		<Unit filename="/home/himself/CLionProjects/PathTracer/include/material/Dielectric.h">
			<Option target="PathTracer"/>
		</Unit>
		<Unit filename="/home/himself/CLionProjects/PathTracer/include/material/Diffused.h">
			<Option target="PathTracer"/>
		</Unit>
		<Unit filename="/home/himself/CLionProjects/PathTracer/include/material/Glossy.h">
			<Option target="PathTracer"/>
		</Unit>
		<Unit filename="/home/himself/CLionProjects/PathTracer/include/material/Material.h">
			<Option target="PathTracer"/>
		</Unit>
		<Unit filename="/home/himself/CLionProjects/PathTracer/include/material/SpecularDiffused.h">
			<Option target="PathTracer"/>
		</Unit>
		<Unit filename="/home/himself/CLionProjects/PathTracer/include/renderer/RealisticRenderer.h">
			<Option target="PathTracer"/>
		</Unit>
		<Unit filename="/home/himself/CLionProjects/PathTracer/include/renderer/Renderer.h">
			<Option target="PathTracer"/>
		</Unit>
		<Unit filename="/home/himself/CLionProjects/PathTracer/include/renderer/SimpleRenderer.h">
			<Option target="PathTracer"/>
		</Unit>
		<Unit filename="/home/himself/CLionProjects/PathTracer/include/vec3.h">
			<Option target="PathTracer"/>
		</Unit>
		<Unit filename="/home/himself/CLionProjects/PathTracer/src/Camera.cpp">
			<Option target="PathTracer"/>
		</Unit>
		<Unit filename="/home/himself/CLionProjects/PathTracer/src/Image.cpp">
			<Option target="PathTracer"/>
		</Unit>
		<Unit filename="/home/himself/CLionProjects/PathTracer/src/Object.cpp">
			<Option target="PathTracer"/>
		</Unit>
		<Unit filename="/home/himself/CLionProjects/PathTracer/src/Ray.cpp">
			<Option target="PathTracer"/>
		</Unit>
		<Unit filename="/home/himself/CLionProjects/PathTracer/src/RealisticRenderer.cpp">
			<Option target="PathTracer"/>
		</Unit>
		<Unit filename="/home/himself/CLionProjects/PathTracer/src/Rectangle.cpp">
			<Option target="PathTracer"/>
		</Unit>
		<Unit filename="/home/himself/CLionProjects/PathTracer/src/SimpleCamera.cpp">
			<Option target="PathTracer"/>
		</Unit>
		<Unit filename="/home/himself/CLionProjects/PathTracer/src/SimpleRenderer.cpp">
			<Option target="PathTracer"/>
		</Unit>
		<Unit filename="/home/himself/CLionProjects/PathTracer/src/Sphere.cpp">
			<Option target="PathTracer"/>
		</Unit>
		<Unit filename="/home/himself/CLionProjects/PathTracer/src/Triangle.cpp">
			<Option target="PathTracer"/>
		</Unit>
		<Unit filename="/home/himself/CLionProjects/PathTracer/src/main.cpp">
			<Option target="PathTracer"/>
		</Unit>
		<Unit filename="/home/himself/CLionProjects/PathTracer/CMakeLists.txt">
			<Option virtualFolder="CMake Files\"/>
		</Unit>
	</Project>
</CodeBlocks_project_file>
